
Microsoft Visual Studio Solution File, Format Version 12.00
# Visual Studio 15
VisualStudioVersion = 15.0.28010.2048
MinimumVisualStudioVersion = 10.0.40219.1
Project("{FAE04EC0-301F-11D3-BF4B-00C04F79EFBC}") = "CSVEditor", "CSVEditor\CSVEditor.csproj", "{72E6DAC7-4809-49BD-A8DE-C9F143664E28}"
EndProject
Global
	GlobalSection(SolutionConfigurationPlatforms) = preSolution
		Debug|Any CPU = Debug|Any CPU
		Release|Any CPU = Release|Any CPU
	EndGlobalSection
	GlobalSection(ProjectConfigurationPlatforms) = postSolution
		{72E6DAC7-4809-49BD-A8DE-C9F143664E28}.Debug|Any CPU.ActiveCfg = Debug|Any CPU
		{72E6DAC7-4809-49BD-A8DE-C9F143664E28}.Debug|Any CPU.Build.0 = Debug|Any CPU
		{72E6DAC7-4809-49BD-A8DE-C9F143664E28}.Release|Any CPU.ActiveCfg = Release|Any CPU
		{72E6DAC7-4809-49BD-A8DE-C9F143664E28}.Release|Any CPU.Build.0 = Release|Any CPU
	EndGlobalSection
	GlobalSection(SolutionProperties) = preSolution
		HideSolutionNode = FALSE
	EndGlobalSection
	GlobalSection(ExtensibilityGlobals) = postSolution
		SolutionGuid = {D6EE1C23-693B-42E9-B6F1-72B07DD9693E}
	EndGlobalSection
EndGlobal
